# This file is automatically @generated by Cargo.
# It is not intended for manual editing.
version = 4

[[package]]
name = "vetra-admin"
version = "0.0.0"
dependencies = [
 "vetra-engine",
 "vetra-types",
]

[[package]]
name = "vetra-catalog"
version = "0.0.0"
dependencies = [
 "vetra-txn",
 "vetra-types",
]

[[package]]
name = "vetra-cli"
version = "0.0.0"
dependencies = [
 "vetra-admin",
 "vetra-types",
]

[[package]]
name = "vetra-embedded"
version = "0.0.0"
dependencies = [
 "vetra-engine",
 "vetra-types",
]

[[package]]
name = "vetra-engine"
version = "0.0.0"
dependencies = [
 "vetra-catalog",
 "vetra-events",
 "vetra-executor",
 "vetra-history",
 "vetra-io",
 "vetra-recovery",
 "vetra-storage",
 "vetra-txn",
 "vetra-types",
 "vetra-wal",
 "vetra-work",
]

[[package]]
name = "vetra-events"
version = "0.0.0"
dependencies = [
 "vetra-catalog",
 "vetra-history",
 "vetra-txn",
 "vetra-types",
]

[[package]]
name = "vetra-executor"
version = "0.0.0"
dependencies = [
 "vetra-catalog",
 "vetra-planner",
 "vetra-storage",
 "vetra-txn",
 "vetra-types",
]

[[package]]
name = "vetra-history"
version = "0.0.0"
dependencies = [
 "vetra-catalog",
 "vetra-txn",
 "vetra-types",
]

[[package]]
name = "vetra-io"
version = "0.0.0"
dependencies = [
 "vetra-types",
]

[[package]]
name = "vetra-pgwire"
version = "0.0.0"
dependencies = [
 "vetra-types",
]

[[package]]
name = "vetra-planner"
version = "0.0.0"
dependencies = [
 "vetra-catalog",
 "vetra-sql",
 "vetra-types",
]

[[package]]
name = "vetra-recovery"
version = "0.0.0"
dependencies = [
 "vetra-recovery-api",
 "vetra-storage",
 "vetra-types",
 "vetra-wal",
]

[[package]]
name = "vetra-recovery-api"
version = "0.0.0"
dependencies = [
 "vetra-types",
]

[[package]]
name = "vetra-server"
version = "0.0.0"
dependencies = [
 "vetra-engine",
 "vetra-pgwire",
 "vetra-types",
]

[[package]]
name = "vetra-sql"
version = "0.0.0"
dependencies = [
 "vetra-catalog",
 "vetra-types",
]

[[package]]
name = "vetra-storage"
version = "0.0.0"
dependencies = [
 "vetra-io",
 "vetra-recovery-api",
 "vetra-types",
]

[[package]]
name = "vetra-test-support"
version = "0.0.0"
dependencies = [
 "vetra-engine",
 "vetra-io",
 "vetra-types",
]

[[package]]
name = "vetra-txn"
version = "0.0.0"
dependencies = [
 "vetra-recovery-api",
 "vetra-storage",
 "vetra-types",
 "vetra-wal",
]

[[package]]
name = "vetra-types"
version = "0.0.0"

[[package]]
name = "vetra-wal"
version = "0.0.0"
dependencies = [
 "vetra-io",
 "vetra-recovery-api",
 "vetra-types",
]

[[package]]
name = "vetra-work"
version = "0.0.0"
dependencies = [
 "vetra-catalog",
 "vetra-txn",
 "vetra-types",
]
