# This file is automatically @generated by Cargo.
# It is not intended for manual editing.
version = 4

[[package]]
name = "autocfg"
version = "1.5.1"
source = "registry+https://github.com/rust-lang/crates.io-index"
checksum = "f2032f911046de80f0a198e0901378627c33f59ea0ac00e363d481118bd70a53"

[[package]]
name = "bigdecimal"
version = "0.4.8"
source = "registry+https://github.com/rust-lang/crates.io-index"
checksum = "1a22f228ab7a1b23027ccc6c350b72868017af7ea8356fbdf19f8d991c690013"
dependencies = [
 "autocfg",
 "libm",
 "num-bigint",
 "num-integer",
 "num-traits",
 "serde",
 "serde_json",
]

[[package]]
name = "chrono"
version = "0.4.42"
source = "registry+https://github.com/rust-lang/crates.io-index"
checksum = "145052bdd345b87320e369255277e3fb5152762ad123a901ef5c262dd38fe8d2"
dependencies = [
 "num-traits",
]

[[package]]
name = "itoa"
version = "1.0.18"
source = "registry+https://github.com/rust-lang/crates.io-index"
checksum = "8f42a60cbdf9a97f5d2305f08a87dc4e09308d1276d28c869c684d7777685682"

[[package]]
name = "libm"
version = "0.2.16"
source = "registry+https://github.com/rust-lang/crates.io-index"
checksum = "b6d2cec3eae94f9f509c767b45932f1ada8350c4bdb85af2fcab4a3c14807981"

[[package]]
name = "log"
version = "0.4.34"
source = "registry+https://github.com/rust-lang/crates.io-index"
checksum = "f9f8bd3e56ce4dfc153cf470fffbfa98c7620958b312ca5c3a4b8d5181fd13c6"

[[package]]
name = "memchr"
version = "2.8.3"
source = "registry+https://github.com/rust-lang/crates.io-index"
checksum = "cf8baf1c55e62ffcace7a9f06f4bd9cd3f0c4beb022d3b367256b91b87513d98"

[[package]]
name = "num-bigint"
version = "0.4.8"
source = "registry+https://github.com/rust-lang/crates.io-index"
checksum = "c89e69e7e0f03bea5ef08013795c25018e101932225a656383bd384495ecc367"
dependencies = [
 "num-integer",
 "num-traits",
]

[[package]]
name = "num-integer"
version = "0.1.47"
source = "registry+https://github.com/rust-lang/crates.io-index"
checksum = "7ce2d95d4b3734dc35aa2f45e1aa22cd416814592a4f9d9205e11affd5b8e10b"
dependencies = [
 "num-traits",
]

[[package]]
name = "num-traits"
version = "0.2.19"
source = "registry+https://github.com/rust-lang/crates.io-index"
checksum = "071dfc062690e90b734c0b2273ce72ad0ffa95f0c74596bc250dcfd960262841"
dependencies = [
 "autocfg",
]

[[package]]
name = "proc-macro2"
version = "1.0.107"
source = "registry+https://github.com/rust-lang/crates.io-index"
checksum = "985e7ec9bb745e6ce6535b544d84d6cd6f7ad8bd711c398938ae983b91a766d9"
dependencies = [
 "unicode-ident",
]

[[package]]
name = "quote"
version = "1.0.47"
source = "registry+https://github.com/rust-lang/crates.io-index"
checksum = "1fbf4db142a473a8d80c26bbf18454ed458bf8d26c8219c331daecfdbd079001"
dependencies = [
 "proc-macro2",
]

[[package]]
name = "ryu"
version = "1.0.23"
source = "registry+https://github.com/rust-lang/crates.io-index"
checksum = "9774ba4a74de5f7b1c1451ed6cd5285a32eddb5cccb8cc655a4e50009e06477f"

[[package]]
name = "serde"
version = "1.0.228"
source = "registry+https://github.com/rust-lang/crates.io-index"
checksum = "9a8e94ea7f378bd32cbbd37198a4a91436180c5bb472411e48b5ec2e2124ae9e"
dependencies = [
 "serde_core",
 "serde_derive",
]

[[package]]
name = "serde_core"
version = "1.0.228"
source = "registry+https://github.com/rust-lang/crates.io-index"
checksum = "41d385c7d4ca58e59fc732af25c3983b67ac852c1a25000afe1175de458b67ad"
dependencies = [
 "serde_derive",
]

[[package]]
name = "serde_derive"
version = "1.0.228"
source = "registry+https://github.com/rust-lang/crates.io-index"
checksum = "d540f220d3187173da220f885ab66608367b6574e925011a9353e4badda91d79"
dependencies = [
 "proc-macro2",
 "quote",
 "syn",
]

[[package]]
name = "serde_json"
version = "1.0.145"
source = "registry+https://github.com/rust-lang/crates.io-index"
checksum = "402a6f66d8c709116cf22f558eab210f5a50187f702eb4d7e5ef38d9a7f1c79c"
dependencies = [
 "itoa",
 "memchr",
 "ryu",
 "serde",
 "serde_core",
]

[[package]]
name = "sqlparser"
version = "0.53.0"
source = "registry+https://github.com/rust-lang/crates.io-index"
checksum = "05a528114c392209b3264855ad491fcce534b94a38771b0a0b97a79379275ce8"
dependencies = [
 "log",
 "sqlparser_derive",
]

[[package]]
name = "sqlparser_derive"
version = "0.3.0"
source = "registry+https://github.com/rust-lang/crates.io-index"
checksum = "da5fc6819faabb412da764b99d3b713bb55083c11e7e0c00144d386cd6a1939c"
dependencies = [
 "proc-macro2",
 "quote",
 "syn",
]

[[package]]
name = "syn"
version = "2.0.119"
source = "registry+https://github.com/rust-lang/crates.io-index"
checksum = "872831b642d1a07999a962a351ed35b955ea2cfc8f3862091e2a240a84f17297"
dependencies = [
 "proc-macro2",
 "quote",
 "unicode-ident",
]

[[package]]
name = "unicode-ident"
version = "1.0.26"
source = "registry+https://github.com/rust-lang/crates.io-index"
checksum = "d245f478577f809a851594d02313b640fb437e0bb33866753cff937863096954"

[[package]]
name = "vetra-admin"
version = "0.0.0"
dependencies = [
 "vetra-engine",
 "vetra-types",
]

[[package]]
name = "vetra-catalog"
version = "0.0.0"
dependencies = [
 "vetra-txn",
 "vetra-types",
]

[[package]]
name = "vetra-cli"
version = "0.0.0"
dependencies = [
 "vetra-admin",
 "vetra-types",
]

[[package]]
name = "vetra-embedded"
version = "0.0.0"
dependencies = [
 "vetra-engine",
 "vetra-types",
]

[[package]]
name = "vetra-engine"
version = "0.0.0"
dependencies = [
 "vetra-catalog",
 "vetra-events",
 "vetra-executor",
 "vetra-history",
 "vetra-io",
 "vetra-recovery",
 "vetra-storage",
 "vetra-txn",
 "vetra-types",
 "vetra-wal",
 "vetra-work",
]

[[package]]
name = "vetra-events"
version = "0.0.0"
dependencies = [
 "vetra-catalog",
 "vetra-history",
 "vetra-txn",
 "vetra-types",
]

[[package]]
name = "vetra-executor"
version = "0.0.0"
dependencies = [
 "vetra-catalog",
 "vetra-planner",
 "vetra-storage",
 "vetra-txn",
 "vetra-types",
]

[[package]]
name = "vetra-history"
version = "0.0.0"
dependencies = [
 "vetra-catalog",
 "vetra-txn",
 "vetra-types",
]

[[package]]
name = "vetra-io"
version = "0.0.0"
dependencies = [
 "vetra-types",
]

[[package]]
name = "vetra-pgwire"
version = "0.0.0"
dependencies = [
 "vetra-types",
]

[[package]]
name = "vetra-planner"
version = "0.0.0"
dependencies = [
 "vetra-catalog",
 "vetra-sql",
 "vetra-types",
]

[[package]]
name = "vetra-recovery"
version = "0.0.0"
dependencies = [
 "vetra-recovery-api",
 "vetra-storage",
 "vetra-types",
 "vetra-wal",
]

[[package]]
name = "vetra-recovery-api"
version = "0.0.0"
dependencies = [
 "vetra-types",
]

[[package]]
name = "vetra-server"
version = "0.0.0"
dependencies = [
 "vetra-engine",
 "vetra-pgwire",
 "vetra-types",
]

[[package]]
name = "vetra-sql"
version = "0.0.0"
dependencies = [
 "sqlparser",
 "vetra-catalog",
 "vetra-types",
]

[[package]]
name = "vetra-storage"
version = "0.0.0"
dependencies = [
 "vetra-io",
 "vetra-recovery-api",
 "vetra-types",
]

[[package]]
name = "vetra-test-support"
version = "0.0.0"
dependencies = [
 "vetra-engine",
 "vetra-io",
 "vetra-types",
]

[[package]]
name = "vetra-txn"
version = "0.0.0"
dependencies = [
 "vetra-recovery-api",
 "vetra-storage",
 "vetra-types",
 "vetra-wal",
]

[[package]]
name = "vetra-types"
version = "0.0.0"
dependencies = [
 "bigdecimal",
 "chrono",
 "serde",
 "serde_json",
]

[[package]]
name = "vetra-wal"
version = "0.0.0"
dependencies = [
 "vetra-io",
 "vetra-recovery-api",
 "vetra-types",
]

[[package]]
name = "vetra-work"
version = "0.0.0"
dependencies = [
 "vetra-catalog",
 "vetra-txn",
 "vetra-types",
]
